
Microsoft Visual Studio Solution File, Format Version 12.00
# Visual Studio Version 16
VisualStudioVersion = 16.0.29424.173
MinimumVisualStudioVersion = 10.0.40219.1
Project("{9A19103F-16F7-4668-BE54-9A1E7A4F7556}") = "CandidateTesting.RenanRossinideOliveira", "CandidateTesting\CandidateTesting.RenanRossinideOliveira.csproj", "{AE810A6E-CA33-4770-B434-3DF08694ED91}"
EndProject
Project("{9A19103F-16F7-4668-BE54-9A1E7A4F7556}") = "ExerciceOneTest", "ExerciceOneTest\ExerciceOneTest.csproj", "{74DA9DDA-5C27-4B9D-9B35-E53A67ED9921}"
EndProject
Project("{9A19103F-16F7-4668-BE54-9A1E7A4F7556}") = "ExerciceTwoTest", "ExerciceTwoTest\ExerciceTwoTest.csproj", "{285BE6D2-EAED-4FAF-88FB-45715D76BFFB}"
EndProject
Global
	GlobalSection(SolutionConfigurationPlatforms) = preSolution
		Debug|Any CPU = Debug|Any CPU
		Release|Any CPU = Release|Any CPU
	EndGlobalSection
	GlobalSection(ProjectConfigurationPlatforms) = postSolution
		{AE810A6E-CA33-4770-B434-3DF08694ED91}.Debug|Any CPU.ActiveCfg = Debug|Any CPU
		{AE810A6E-CA33-4770-B434-3DF08694ED91}.Debug|Any CPU.Build.0 = Debug|Any CPU
		{AE810A6E-CA33-4770-B434-3DF08694ED91}.Release|Any CPU.ActiveCfg = Release|Any CPU
		{AE810A6E-CA33-4770-B434-3DF08694ED91}.Release|Any CPU.Build.0 = Release|Any CPU
		{74DA9DDA-5C27-4B9D-9B35-E53A67ED9921}.Debug|Any CPU.ActiveCfg = Debug|Any CPU
		{74DA9DDA-5C27-4B9D-9B35-E53A67ED9921}.Debug|Any CPU.Build.0 = Debug|Any CPU
		{74DA9DDA-5C27-4B9D-9B35-E53A67ED9921}.Release|Any CPU.ActiveCfg = Release|Any CPU
		{74DA9DDA-5C27-4B9D-9B35-E53A67ED9921}.Release|Any CPU.Build.0 = Release|Any CPU
		{285BE6D2-EAED-4FAF-88FB-45715D76BFFB}.Debug|Any CPU.ActiveCfg = Debug|Any CPU
		{285BE6D2-EAED-4FAF-88FB-45715D76BFFB}.Debug|Any CPU.Build.0 = Debug|Any CPU
		{285BE6D2-EAED-4FAF-88FB-45715D76BFFB}.Release|Any CPU.ActiveCfg = Release|Any CPU
		{285BE6D2-EAED-4FAF-88FB-45715D76BFFB}.Release|Any CPU.Build.0 = Release|Any CPU
	EndGlobalSection
	GlobalSection(SolutionProperties) = preSolution
		HideSolutionNode = FALSE
	EndGlobalSection
	GlobalSection(ExtensibilityGlobals) = postSolution
		SolutionGuid = {22375A10-4DB1-48BA-BFCD-DEE2C5C01E9C}
	EndGlobalSection
EndGlobal
